// !$*UTF8*$!
{
	archiveVersion = 1;
	classes = {
	};
	objectVersion = 46;
	objects = {

/* Begin PBXBuildFile section */
		9C0A02301F36111E00340FAD /* AppDelegate.swift in Sources */ = {isa = PBXBuildFile; fileRef = 9C0A022F1F36111E00340FAD /* AppDelegate.swift */; };
		9C0A02321F36111E00340FAD /* ViewController.swift in Sources */ = {isa = PBXBuildFile; fileRef = 9C0A02311F36111E00340FAD /* ViewController.swift */; };
		9C0A02351F36111E00340FAD /* Main.storyboard in Resources */ = {isa = PBXBuildFile; fileRef = 9C0A02331F36111E00340FAD /* Main.storyboard */; };
		9C0A02371F36111E00340FAD /* Assets.xcassets in Resources */ = {isa = PBXBuildFile; fileRef = 9C0A02361F36111E00340FAD /* Assets.xcassets */; };
		9C0A023A1F36111E00340FAD /* LaunchScreen.storyboard in Resources */ = {isa = PBXBuildFile; fileRef = 9C0A02381F36111E00340FAD /* LaunchScreen.storyboard */; };
		9C0A02421F36154400340FAD /* ProdSettings.bundle in Resources */ = {isa = PBXBuildFile; fileRef = 9C0A02411F36154400340FAD /* ProdSettings.bundle */; };
		9C0A02441F36156B00340FAD /* DevSettings.bundle in Resources */ = {isa = PBXBuildFile; fileRef = 9C0A02431F36156B00340FAD /* DevSettings.bundle */; };
/* End PBXBuildFile section */

/* Begin PBXFileReference section */
		9C0A022C1F36111E00340FAD /* CustomSettingsBundle.app */ = {isa = PBXFileReference; explicitFileType = wrapper.application; includeInIndex = 0; path = CustomSettingsBundle.app; sourceTree = BUILT_PRODUCTS_DIR; };
		9C0A022F1F36111E00340FAD /* AppDelegate.swift */ = {isa = PBXFileReference; lastKnownFileType = sourcecode.swift; path = AppDelegate.swift; sourceTree = "<group>"; };
		9C0A02311F36111E00340FAD /* ViewController.swift */ = {isa = PBXFileReference; lastKnownFileType = sourcecode.swift; path = ViewController.swift; sourceTree = "<group>"; };
		9C0A02341F36111E00340FAD /* Base */ = {isa = PBXFileReference; lastKnownFileType = file.storyboard; name = Base; path = Base.lproj/Main.storyboard; sourceTree = "<group>"; };
		9C0A02361F36111E00340FAD /* Assets.xcassets */ = {isa = PBXFileReference; lastKnownFileType = folder.assetcatalog; path = Assets.xcassets; sourceTree = "<group>"; };
		9C0A02391F36111E00340FAD /* Base */ = {isa = PBXFileReference; lastKnownFileType = file.storyboard; name = Base; path = Base.lproj/LaunchScreen.storyboard; sourceTree = "<group>"; };
		9C0A023B1F36111E00340FAD /* Info.plist */ = {isa = PBXFileReference; lastKnownFileType = text.plist.xml; path = Info.plist; sourceTree = "<group>"; };
		9C0A02411F36154400340FAD /* ProdSettings.bundle */ = {isa = PBXFileReference; lastKnownFileType = "wrapper.plug-in"; path = ProdSettings.bundle; sourceTree = "<group>"; };
		9C0A02431F36156B00340FAD /* DevSettings.bundle */ = {isa = PBXFileReference; lastKnownFileType = "wrapper.plug-in"; path = DevSettings.bundle; sourceTree = "<group>"; };
/* End PBXFileReference section */

/* Begin PBXFrameworksBuildPhase section */
		9C0A02291F36111E00340FAD /* Frameworks */ = {
			isa = PBXFrameworksBuildPhase;
			buildActionMask = 2147483647;
			files = (
			);
			runOnlyForDeploymentPostprocessing = 0;
		};
/* End PBXFrameworksBuildPhase section */

/* Begin PBXGroup section */
		9C0A02231F36111E00340FAD = {
			isa = PBXGroup;
			children = (
				9C0A022E1F36111E00340FAD /* CustomSettingsBundle */,
				9C0A022D1F36111E00340FAD /* Products */,
			);
			sourceTree = "<group>";
		};
		9C0A022D1F36111E00340FAD /* Products */ = {
			isa = PBXGroup;
			children = (
				9C0A022C1F36111E00340FAD /* CustomSettingsBundle.app */,
			);
			name = Products;
			sourceTree = "<group>";
		};
		9C0A022E1F36111E00340FAD /* CustomSettingsBundle */ = {
			isa = PBXGroup;
			children = (
				9C0A022F1F36111E00340FAD /* AppDelegate.swift */,
				9C0A02311F36111E00340FAD /* ViewController.swift */,
				9C0A02331F36111E00340FAD /* Main.storyboard */,
				9C0A02361F36111E00340FAD /* Assets.xcassets */,
				9C0A02381F36111E00340FAD /* LaunchScreen.storyboard */,
				9C0A023B1F36111E00340FAD /* Info.plist */,
				9C0A02431F36156B00340FAD /* DevSettings.bundle */,
				9C0A02411F36154400340FAD /* ProdSettings.bundle */,
			);
			path = CustomSettingsBundle;
			sourceTree = "<group>";
		};
/* End PBXGroup section */

/* Begin PBXNativeTarget section */
		9C0A022B1F36111E00340FAD /* CustomSettingsBundle */ = {
			isa = PBXNativeTarget;
			buildConfigurationList = 9C0A023E1F36111E00340FAD /* Build configuration list for PBXNativeTarget "CustomSettingsBundle" */;
			buildPhases = (
				9C0A02281F36111E00340FAD /* Sources */,
				9C0A02291F36111E00340FAD /* Frameworks */,
				9C0A022A1F36111E00340FAD /* Resources */,
			);
			buildRules = (
			);
			dependencies = (
			);
			name = CustomSettingsBundle;
			productName = CustomSettingsBundle;
			productReference = 9C0A022C1F36111E00340FAD /* CustomSettingsBundle.app */;
			productType = "com.apple.product-type.application";
		};
/* End PBXNativeTarget section */

/* Begin PBXProject section */
		9C0A02241F36111E00340FAD /* Project object */ = {
			isa = PBXProject;
			attributes = {
				LastSwiftUpdateCheck = 0830;
				LastUpgradeCheck = 0830;
				ORGANIZATIONNAME = "Romans Karpelcevs";
				TargetAttributes = {
					9C0A022B1F36111E00340FAD = {
						CreatedOnToolsVersion = 8.3.3;
						ProvisioningStyle = Manual;
					};
				};
			};
			buildConfigurationList = 9C0A02271F36111E00340FAD /* Build configuration list for PBXProject "CustomSettingsBundle" */;
			compatibilityVersion = "Xcode 3.2";
			developmentRegion = English;
			hasScannedForEncodings = 0;
			knownRegions = (
				en,
				Base,
			);
			mainGroup = 9C0A02231F36111E00340FAD;
			productRefGroup = 9C0A022D1F36111E00340FAD /* Products */;
			projectDirPath = "";
			projectRoot = "";
			targets = (
				9C0A022B1F36111E00340FAD /* CustomSettingsBundle */,
			);
		};
/* End PBXProject section */

/* Begin PBXResourcesBuildPhase section */
		9C0A022A1F36111E00340FAD /* Resources */ = {
			isa = PBXResourcesBuildPhase;
			buildActionMask = 2147483647;
			files = (
				9C0A023A1F36111E00340FAD /* LaunchScreen.storyboard in Resources */,
				9C0A02441F36156B00340FAD /* DevSettings.bundle in Resources */,
				9C0A02421F36154400340FAD /* ProdSettings.bundle in Resources */,
				9C0A02371F36111E00340FAD /* Assets.xcassets in Resources */,
				9C0A02351F36111E00340FAD /* Main.storyboard in Resources */,
			);
			runOnlyForDeploymentPostprocessing = 0;
		};
/* End PBXResourcesBuildPhase section */

/* Begin PBXSourcesBuildPhase section */
		9C0A02281F36111E00340FAD /* Sources */ = {
			isa = PBXSourcesBuildPhase;
			buildActionMask = 2147483647;
			files = (
				9C0A02321F36111E00340FAD /* ViewController.swift in Sources */,
				9C0A02301F36111E00340FAD /* AppDelegate.swift in Sources */,
			);
			runOnlyForDeploymentPostprocessing = 0;
		};
/* End PBXSourcesBuildPhase section */

/* Begin PBXVariantGroup section */
		9C0A02331F36111E00340FAD /* Main.storyboard */ = {
			isa = PBXVariantGroup;
			children = (
				9C0A02341F36111E00340FAD /* Base */,
			);
			name = Main.storyboard;
			sourceTree = "<group>";
		};
		9C0A02381F36111E00340FAD /* LaunchScreen.storyboard */ = {
			isa = PBXVariantGroup;
			children = (
				9C0A02391F36111E00340FAD /* Base */,
			);
			name = LaunchScreen.storyboard;
			sourceTree = "<group>";
		};
/* End PBXVariantGroup section */

/* Begin XCBuildConfiguration section */
		9C0A023C1F36111E00340FAD /* Debug */ = {
			isa = XCBuildConfiguration;
			buildSettings = {
				ALWAYS_SEARCH_USER_PATHS = NO;
				CLANG_ANALYZER_NONNULL = YES;
				CLANG_ANALYZER_NUMBER_OBJECT_CONVERSION = YES_AGGRESSIVE;
				CLANG_CXX_LANGUAGE_STANDARD = "gnu++0x";
				CLANG_CXX_LIBRARY = "libc++";
				CLANG_ENABLE_MODULES = YES;
				CLANG_ENABLE_OBJC_ARC = YES;
				CLANG_WARN_BOOL_CONVERSION = YES;
				CLANG_WARN_CONSTANT_CONVERSION = YES;
				CLANG_WARN_DIRECT_OBJC_ISA_USAGE = YES_ERROR;
				CLANG_WARN_DOCUMENTATION_COMMENTS = YES;
				CLANG_WARN_EMPTY_BODY = YES;
				CLANG_WARN_ENUM_CONVERSION = YES;
				CLANG_WARN_INFINITE_RECURSION = YES;
				CLANG_WARN_INT_CONVERSION = YES;
				CLANG_WARN_OBJC_ROOT_CLASS = YES_ERROR;
				CLANG_WARN_SUSPICIOUS_MOVE = YES;
				CLANG_WARN_UNREACHABLE_CODE = YES;
				CLANG_WARN__DUPLICATE_METHOD_MATCH = YES;
				"CODE_SIGN_IDENTITY[sdk=iphoneos*]" = "iPhone Developer";
				COPY_PHASE_STRIP = NO;
				DEBUG_INFORMATION_FORMAT = dwarf;
				ENABLE_STRICT_OBJC_MSGSEND = YES;
				ENABLE_TESTABILITY = YES;
				GCC_C_LANGUAGE_STANDARD = gnu99;
				GCC_DYNAMIC_NO_PIC = NO;
				GCC_NO_COMMON_BLOCKS = YES;
				GCC_OPTIMIZATION_LEVEL = 0;
				GCC_PREPROCESSOR_DEFINITIONS = (
					"DEBUG=1",
					"$(inherited)",
				);
				GCC_WARN_64_TO_32_BIT_CONVERSION = YES;
				GCC_WARN_ABOUT_RETURN_TYPE = YES_ERROR;
				GCC_WARN_UNDECLARED_SELECTOR = YES;
				GCC_WARN_UNINITIALIZED_AUTOS = YES_AGGRESSIVE;
				GCC_WARN_UNUSED_FUNCTION = YES;
				GCC_WARN_UNUSED_VARIABLE = YES;
				IPHONEOS_DEPLOYMENT_TARGET = 10.3;
				MTL_ENABLE_DEBUG_INFO = YES;
				ONLY_ACTIVE_ARCH = YES;
				SDKROOT = iphoneos;
				SWIFT_ACTIVE_COMPILATION_CONDITIONS = DEBUG;
				SWIFT_OPTIMIZATION_LEVEL = "-Onone";
			};
			name = Debug;
		};
		9C0A023D1F36111E00340FAD /* Release */ = {
			isa = XCBuildConfiguration;
			buildSettings = {
				ALWAYS_SEARCH_USER_PATHS = NO;
				CLANG_ANALYZER_NONNULL = YES;
				CLANG_ANALYZER_NUMBER_OBJECT_CONVERSION = YES_AGGRESSIVE;
				CLANG_CXX_LANGUAGE_STANDARD = "gnu++0x";
				CLANG_CXX_LIBRARY = "libc++";
				CLANG_ENABLE_MODULES = YES;
				CLANG_ENABLE_OBJC_ARC = YES;
				CLANG_WARN_BOOL_CONVERSION = YES;
				CLANG_WARN_CONSTANT_CONVERSION = YES;
				CLANG_WARN_DIRECT_OBJC_ISA_USAGE = YES_ERROR;
				CLANG_WARN_DOCUMENTATION_COMMENTS = YES;
				CLANG_WARN_EMPTY_BODY = YES;
				CLANG_WARN_ENUM_CONVERSION = YES;
				CLANG_WARN_INFINITE_RECURSION = YES;
				CLANG_WARN_INT_CONVERSION = YES;
				CLANG_WARN_OBJC_ROOT_CLASS = YES_ERROR;
				CLANG_WARN_SUSPICIOUS_MOVE = YES;
				CLANG_WARN_UNREACHABLE_CODE = YES;
				CLANG_WARN__DUPLICATE_METHOD_MATCH = YES;
				"CODE_SIGN_IDENTITY[sdk=iphoneos*]" = "iPhone Developer";
				COPY_PHASE_STRIP = NO;
				DEBUG_INFORMATION_FORMAT = "dwarf-with-dsym";
				ENABLE_NS_ASSERTIONS = NO;
				ENABLE_STRICT_OBJC_MSGSEND = YES;
				GCC_C_LANGUAGE_STANDARD = gnu99;
				GCC_NO_COMMON_BLOCKS = YES;
				GCC_WARN_64_TO_32_BIT_CONVERSION = YES;
				GCC_WARN_ABOUT_RETURN_TYPE = YES_ERROR;
				GCC_WARN_UNDECLARED_SELECTOR = YES;
				GCC_WARN_UNINITIALIZED_AUTOS = YES_AGGRESSIVE;
				GCC_WARN_UNUSED_FUNCTION = YES;
				GCC_WARN_UNUSED_VARIABLE = YES;
				IPHONEOS_DEPLOYMENT_TARGET = 10.3;
				MTL_ENABLE_DEBUG_INFO = NO;
				SDKROOT = iphoneos;
				SWIFT_OPTIMIZATION_LEVEL = "-Owholemodule";
				VALIDATE_PRODUCT = YES;
			};
			name = Release;
		};
		9C0A023F1F36111E00340FAD /* Debug */ = {
			isa = XCBuildConfiguration;
			buildSettings = {
				ASSETCATALOG_COMPILER_APPICON_NAME = AppIcon;
				DEVELOPMENT_TEAM = "";
				INFOPLIST_FILE = CustomSettingsBundle/Info.plist;
				LD_RUNPATH_SEARCH_PATHS = "$(inherited) @executable_path/Frameworks";
				PRODUCT_BUNDLE_IDENTIFIER = lv.cvbk.CustomSettingsBundle;
				PRODUCT_NAME = "$(TARGET_NAME)";
				PROVISIONING_PROFILE_SPECIFIER = "";
				SWIFT_VERSION = 3.0;
			};
			name = Debug;
		};
		9C0A02401F36111E00340FAD /* Release */ = {
			isa = XCBuildConfiguration;
			buildSettings = {
				ASSETCATALOG_COMPILER_APPICON_NAME = AppIcon;
				DEVELOPMENT_TEAM = "";
				INFOPLIST_FILE = CustomSettingsBundle/Info.plist;
				LD_RUNPATH_SEARCH_PATHS = "$(inherited) @executable_path/Frameworks";
				PRODUCT_BUNDLE_IDENTIFIER = lv.cvbk.CustomSettingsBundle;
				PRODUCT_NAME = "$(TARGET_NAME)";
				PROVISIONING_PROFILE_SPECIFIER = "";
				SWIFT_VERSION = 3.0;
			};
			name = Release;
		};
/* End XCBuildConfiguration section */

/* Begin XCConfigurationList section */
		9C0A02271F36111E00340FAD /* Build configuration list for PBXProject "CustomSettingsBundle" */ = {
			isa = XCConfigurationList;
			buildConfigurations = (
				9C0A023C1F36111E00340FAD /* Debug */,
				9C0A023D1F36111E00340FAD /* Release */,
			);
			defaultConfigurationIsVisible = 0;
			defaultConfigurationName = Release;
		};
		9C0A023E1F36111E00340FAD /* Build configuration list for PBXNativeTarget "CustomSettingsBundle" */ = {
			isa = XCConfigurationList;
			buildConfigurations = (
				9C0A023F1F36111E00340FAD /* Debug */,
				9C0A02401F36111E00340FAD /* Release */,
			);
			defaultConfigurationIsVisible = 0;
		};
/* End XCConfigurationList section */
	};
	rootObject = 9C0A02241F36111E00340FAD /* Project object */;
}
